
Microsoft Visual Studio Solution File, Format Version 12.00
# Visual Studio Version 16
VisualStudioVersion = 16.0.28705.295
MinimumVisualStudioVersion = 10.0.40219.1
Project("{FAE04EC0-301F-11D3-BF4B-00C04F79EFBC}") = "Sage", "Sage\Sage.csproj", "{7C5ADED0-E5DE-4D10-BB11-027ECB6F5145}"
EndProject
Project("{FAE04EC0-301F-11D3-BF4B-00C04F79EFBC}") = "Main_Controler", "ConsoleApp1\Main_Controler.csproj", "{6BBD3530-2177-4830-9AC6-19E1CFF2BB78}"
EndProject
Project("{FAE04EC0-301F-11D3-BF4B-00C04F79EFBC}") = "Types", "Types\Types.csproj", "{9508FF74-7156-48AB-90AB-22EF44DF1B76}"
EndProject
Project("{FAE04EC0-301F-11D3-BF4B-00C04F79EFBC}") = "Meplato.Store2", "Meplato.Store2\Meplato.Store2.csproj", "{73DAF6D8-41D9-4662-9221-E083F5381DDA}"
EndProject
Global
	GlobalSection(SolutionConfigurationPlatforms) = preSolution
		Debug|Any CPU = Debug|Any CPU
		Debug|ARM = Debug|ARM
		Debug|ARM64 = Debug|ARM64
		Debug|x64 = Debug|x64
		Debug|x86 = Debug|x86
		Release|Any CPU = Release|Any CPU
		Release|ARM = Release|ARM
		Release|ARM64 = Release|ARM64
		Release|x64 = Release|x64
		Release|x86 = Release|x86
	EndGlobalSection
	GlobalSection(ProjectConfigurationPlatforms) = postSolution
		{7C5ADED0-E5DE-4D10-BB11-027ECB6F5145}.Debug|Any CPU.ActiveCfg = Debug|Any CPU
		{7C5ADED0-E5DE-4D10-BB11-027ECB6F5145}.Debug|Any CPU.Build.0 = Debug|Any CPU
		{7C5ADED0-E5DE-4D10-BB11-027ECB6F5145}.Debug|ARM.ActiveCfg = Debug|Any CPU
		{7C5ADED0-E5DE-4D10-BB11-027ECB6F5145}.Debug|ARM.Build.0 = Debug|Any CPU
		{7C5ADED0-E5DE-4D10-BB11-027ECB6F5145}.Debug|ARM64.ActiveCfg = Debug|Any CPU
		{7C5ADED0-E5DE-4D10-BB11-027ECB6F5145}.Debug|ARM64.Build.0 = Debug|Any CPU
		{7C5ADED0-E5DE-4D10-BB11-027ECB6F5145}.Debug|x64.ActiveCfg = Debug|Any CPU
		{7C5ADED0-E5DE-4D10-BB11-027ECB6F5145}.Debug|x64.Build.0 = Debug|Any CPU
		{7C5ADED0-E5DE-4D10-BB11-027ECB6F5145}.Debug|x86.ActiveCfg = Debug|Any CPU
		{7C5ADED0-E5DE-4D10-BB11-027ECB6F5145}.Debug|x86.Build.0 = Debug|Any CPU
		{7C5ADED0-E5DE-4D10-BB11-027ECB6F5145}.Release|Any CPU.ActiveCfg = Release|Any CPU
		{7C5ADED0-E5DE-4D10-BB11-027ECB6F5145}.Release|Any CPU.Build.0 = Release|Any CPU
		{7C5ADED0-E5DE-4D10-BB11-027ECB6F5145}.Release|ARM.ActiveCfg = Release|Any CPU
		{7C5ADED0-E5DE-4D10-BB11-027ECB6F5145}.Release|ARM.Build.0 = Release|Any CPU
		{7C5ADED0-E5DE-4D10-BB11-027ECB6F5145}.Release|ARM64.ActiveCfg = Release|Any CPU
		{7C5ADED0-E5DE-4D10-BB11-027ECB6F5145}.Release|ARM64.Build.0 = Release|Any CPU
		{7C5ADED0-E5DE-4D10-BB11-027ECB6F5145}.Release|x64.ActiveCfg = Release|Any CPU
		{7C5ADED0-E5DE-4D10-BB11-027ECB6F5145}.Release|x64.Build.0 = Release|Any CPU
		{7C5ADED0-E5DE-4D10-BB11-027ECB6F5145}.Release|x86.ActiveCfg = Release|Any CPU
		{7C5ADED0-E5DE-4D10-BB11-027ECB6F5145}.Release|x86.Build.0 = Release|Any CPU
		{6BBD3530-2177-4830-9AC6-19E1CFF2BB78}.Debug|Any CPU.ActiveCfg = Debug|Any CPU
		{6BBD3530-2177-4830-9AC6-19E1CFF2BB78}.Debug|Any CPU.Build.0 = Debug|Any CPU
		{6BBD3530-2177-4830-9AC6-19E1CFF2BB78}.Debug|ARM.ActiveCfg = Debug|Any CPU
		{6BBD3530-2177-4830-9AC6-19E1CFF2BB78}.Debug|ARM.Build.0 = Debug|Any CPU
		{6BBD3530-2177-4830-9AC6-19E1CFF2BB78}.Debug|ARM64.ActiveCfg = Debug|Any CPU
		{6BBD3530-2177-4830-9AC6-19E1CFF2BB78}.Debug|ARM64.Build.0 = Debug|Any CPU
		{6BBD3530-2177-4830-9AC6-19E1CFF2BB78}.Debug|x64.ActiveCfg = Debug|Any CPU
		{6BBD3530-2177-4830-9AC6-19E1CFF2BB78}.Debug|x64.Build.0 = Debug|Any CPU
		{6BBD3530-2177-4830-9AC6-19E1CFF2BB78}.Debug|x86.ActiveCfg = Debug|Any CPU
		{6BBD3530-2177-4830-9AC6-19E1CFF2BB78}.Debug|x86.Build.0 = Debug|Any CPU
		{6BBD3530-2177-4830-9AC6-19E1CFF2BB78}.Release|Any CPU.ActiveCfg = Release|Any CPU
		{6BBD3530-2177-4830-9AC6-19E1CFF2BB78}.Release|Any CPU.Build.0 = Release|Any CPU
		{6BBD3530-2177-4830-9AC6-19E1CFF2BB78}.Release|ARM.ActiveCfg = Release|Any CPU
		{6BBD3530-2177-4830-9AC6-19E1CFF2BB78}.Release|ARM.Build.0 = Release|Any CPU
		{6BBD3530-2177-4830-9AC6-19E1CFF2BB78}.Release|ARM64.ActiveCfg = Release|Any CPU
		{6BBD3530-2177-4830-9AC6-19E1CFF2BB78}.Release|ARM64.Build.0 = Release|Any CPU
		{6BBD3530-2177-4830-9AC6-19E1CFF2BB78}.Release|x64.ActiveCfg = Release|Any CPU
		{6BBD3530-2177-4830-9AC6-19E1CFF2BB78}.Release|x64.Build.0 = Release|Any CPU
		{6BBD3530-2177-4830-9AC6-19E1CFF2BB78}.Release|x86.ActiveCfg = Release|Any CPU
		{6BBD3530-2177-4830-9AC6-19E1CFF2BB78}.Release|x86.Build.0 = Release|Any CPU
		{9508FF74-7156-48AB-90AB-22EF44DF1B76}.Debug|Any CPU.ActiveCfg = Debug|Any CPU
		{9508FF74-7156-48AB-90AB-22EF44DF1B76}.Debug|Any CPU.Build.0 = Debug|Any CPU
		{9508FF74-7156-48AB-90AB-22EF44DF1B76}.Debug|ARM.ActiveCfg = Debug|Any CPU
		{9508FF74-7156-48AB-90AB-22EF44DF1B76}.Debug|ARM.Build.0 = Debug|Any CPU
		{9508FF74-7156-48AB-90AB-22EF44DF1B76}.Debug|ARM64.ActiveCfg = Debug|Any CPU
		{9508FF74-7156-48AB-90AB-22EF44DF1B76}.Debug|ARM64.Build.0 = Debug|Any CPU
		{9508FF74-7156-48AB-90AB-22EF44DF1B76}.Debug|x64.ActiveCfg = Debug|Any CPU
		{9508FF74-7156-48AB-90AB-22EF44DF1B76}.Debug|x64.Build.0 = Debug|Any CPU
		{9508FF74-7156-48AB-90AB-22EF44DF1B76}.Debug|x86.ActiveCfg = Debug|Any CPU
		{9508FF74-7156-48AB-90AB-22EF44DF1B76}.Debug|x86.Build.0 = Debug|Any CPU
		{9508FF74-7156-48AB-90AB-22EF44DF1B76}.Release|Any CPU.ActiveCfg = Release|Any CPU
		{9508FF74-7156-48AB-90AB-22EF44DF1B76}.Release|Any CPU.Build.0 = Release|Any CPU
		{9508FF74-7156-48AB-90AB-22EF44DF1B76}.Release|ARM.ActiveCfg = Release|Any CPU
		{9508FF74-7156-48AB-90AB-22EF44DF1B76}.Release|ARM.Build.0 = Release|Any CPU
		{9508FF74-7156-48AB-90AB-22EF44DF1B76}.Release|ARM64.ActiveCfg = Release|Any CPU
		{9508FF74-7156-48AB-90AB-22EF44DF1B76}.Release|ARM64.Build.0 = Release|Any CPU
		{9508FF74-7156-48AB-90AB-22EF44DF1B76}.Release|x64.ActiveCfg = Release|Any CPU
		{9508FF74-7156-48AB-90AB-22EF44DF1B76}.Release|x64.Build.0 = Release|Any CPU
		{9508FF74-7156-48AB-90AB-22EF44DF1B76}.Release|x86.ActiveCfg = Release|Any CPU
		{9508FF74-7156-48AB-90AB-22EF44DF1B76}.Release|x86.Build.0 = Release|Any CPU
		{73DAF6D8-41D9-4662-9221-E083F5381DDA}.Debug|Any CPU.ActiveCfg = Debug|Any CPU
		{73DAF6D8-41D9-4662-9221-E083F5381DDA}.Debug|Any CPU.Build.0 = Debug|Any CPU
		{73DAF6D8-41D9-4662-9221-E083F5381DDA}.Debug|ARM.ActiveCfg = Debug|Any CPU
		{73DAF6D8-41D9-4662-9221-E083F5381DDA}.Debug|ARM.Build.0 = Debug|Any CPU
		{73DAF6D8-41D9-4662-9221-E083F5381DDA}.Debug|ARM64.ActiveCfg = Debug|Any CPU
		{73DAF6D8-41D9-4662-9221-E083F5381DDA}.Debug|ARM64.Build.0 = Debug|Any CPU
		{73DAF6D8-41D9-4662-9221-E083F5381DDA}.Debug|x64.ActiveCfg = Debug|Any CPU
		{73DAF6D8-41D9-4662-9221-E083F5381DDA}.Debug|x64.Build.0 = Debug|Any CPU
		{73DAF6D8-41D9-4662-9221-E083F5381DDA}.Debug|x86.ActiveCfg = Debug|Any CPU
		{73DAF6D8-41D9-4662-9221-E083F5381DDA}.Debug|x86.Build.0 = Debug|Any CPU
		{73DAF6D8-41D9-4662-9221-E083F5381DDA}.Release|Any CPU.ActiveCfg = Release|Any CPU
		{73DAF6D8-41D9-4662-9221-E083F5381DDA}.Release|Any CPU.Build.0 = Release|Any CPU
		{73DAF6D8-41D9-4662-9221-E083F5381DDA}.Release|ARM.ActiveCfg = Release|Any CPU
		{73DAF6D8-41D9-4662-9221-E083F5381DDA}.Release|ARM.Build.0 = Release|Any CPU
		{73DAF6D8-41D9-4662-9221-E083F5381DDA}.Release|ARM64.ActiveCfg = Release|Any CPU
		{73DAF6D8-41D9-4662-9221-E083F5381DDA}.Release|ARM64.Build.0 = Release|Any CPU
		{73DAF6D8-41D9-4662-9221-E083F5381DDA}.Release|x64.ActiveCfg = Release|Any CPU
		{73DAF6D8-41D9-4662-9221-E083F5381DDA}.Release|x64.Build.0 = Release|Any CPU
		{73DAF6D8-41D9-4662-9221-E083F5381DDA}.Release|x86.ActiveCfg = Release|Any CPU
		{73DAF6D8-41D9-4662-9221-E083F5381DDA}.Release|x86.Build.0 = Release|Any CPU
	EndGlobalSection
	GlobalSection(SolutionProperties) = preSolution
		HideSolutionNode = FALSE
	EndGlobalSection
	GlobalSection(ExtensibilityGlobals) = postSolution
		SolutionGuid = {512ED17A-6C32-4A7A-8659-AF845B6D34F3}
	EndGlobalSection
EndGlobal
